{
  "name": "testasyncreact",
  "version": "1.0.0",
  "lockfileVersion": 1,
  "requires": true,
  "dependencies": {
    "async-react-future": {
      "version": "0.0.1",
      "resolved": "https://registry.npmjs.org/async-react-future/-/async-react-future-0.0.1.tgz",
      "integrity": "sha512-SrWaxbR1qTyF72gOEtDgelJEKvl5sGmM5KIIjM9UAM0OQ4xwfw9nuzLhpAITYM3JsG6AyNe9XAd76ylFnxd02Q=="
    }
  }
}
